
Microsoft Visual Studio Solution File, Format Version 12.00
# Visual Studio Version 16
VisualStudioVersion = 16.0.31005.135
MinimumVisualStudioVersion = 10.0.40219.1
Project("{FAE04EC0-301F-11D3-BF4B-00C04F79EFBC}") = "Labo3_JonnathanLanuza1082219__CésarSilva1184519", "Labo3_JonnathanLanuza1082219__CésarSilva1184519.csproj", "{54E51069-7A56-4AC7-BB62-64E720C02457}"
EndProject
Global
	GlobalSection(SolutionConfigurationPlatforms) = preSolution
		Debug|Any CPU = Debug|Any CPU
		Release|Any CPU = Release|Any CPU
	EndGlobalSection
	GlobalSection(ProjectConfigurationPlatforms) = postSolution
		{54E51069-7A56-4AC7-BB62-64E720C02457}.Debug|Any CPU.ActiveCfg = Debug|Any CPU
		{54E51069-7A56-4AC7-BB62-64E720C02457}.Debug|Any CPU.Build.0 = Debug|Any CPU
		{54E51069-7A56-4AC7-BB62-64E720C02457}.Release|Any CPU.ActiveCfg = Release|Any CPU
		{54E51069-7A56-4AC7-BB62-64E720C02457}.Release|Any CPU.Build.0 = Release|Any CPU
	EndGlobalSection
	GlobalSection(SolutionProperties) = preSolution
		HideSolutionNode = FALSE
	EndGlobalSection
	GlobalSection(ExtensibilityGlobals) = postSolution
		SolutionGuid = {12398747-9F0C-4912-916F-A6099001E51F}
	EndGlobalSection
EndGlobal
